
Microsoft Visual Studio Solution File, Format Version 12.00
# Visual Studio 15
VisualStudioVersion = 15.0.28307.1062
MinimumVisualStudioVersion = 10.0.40219.1
Project("{FAE04EC0-301F-11D3-BF4B-00C04F79EFBC}") = "vista", "vista\vista.csproj", "{DF681DD1-D74B-4704-BDEB-19721439123B}"
EndProject
Project("{FAE04EC0-301F-11D3-BF4B-00C04F79EFBC}") = "modelo", "modelo\modelo.csproj", "{B0D7F17F-55D4-461F-B292-6BB12880E79B}"
EndProject
Project("{FAE04EC0-301F-11D3-BF4B-00C04F79EFBC}") = "Negocio", "Negocio\Negocio.csproj", "{B35B6D35-CD72-4445-B6EE-D435D68D6C21}"
EndProject
Global
	GlobalSection(SolutionConfigurationPlatforms) = preSolution
		Debug|Any CPU = Debug|Any CPU
		Release|Any CPU = Release|Any CPU
	EndGlobalSection
	GlobalSection(ProjectConfigurationPlatforms) = postSolution
		{DF681DD1-D74B-4704-BDEB-19721439123B}.Debug|Any CPU.ActiveCfg = Debug|Any CPU
		{DF681DD1-D74B-4704-BDEB-19721439123B}.Debug|Any CPU.Build.0 = Debug|Any CPU
		{DF681DD1-D74B-4704-BDEB-19721439123B}.Release|Any CPU.ActiveCfg = Release|Any CPU
		{DF681DD1-D74B-4704-BDEB-19721439123B}.Release|Any CPU.Build.0 = Release|Any CPU
		{B0D7F17F-55D4-461F-B292-6BB12880E79B}.Debug|Any CPU.ActiveCfg = Debug|Any CPU
		{B0D7F17F-55D4-461F-B292-6BB12880E79B}.Debug|Any CPU.Build.0 = Debug|Any CPU
		{B0D7F17F-55D4-461F-B292-6BB12880E79B}.Release|Any CPU.ActiveCfg = Release|Any CPU
		{B0D7F17F-55D4-461F-B292-6BB12880E79B}.Release|Any CPU.Build.0 = Release|Any CPU
		{B35B6D35-CD72-4445-B6EE-D435D68D6C21}.Debug|Any CPU.ActiveCfg = Debug|Any CPU
		{B35B6D35-CD72-4445-B6EE-D435D68D6C21}.Debug|Any CPU.Build.0 = Debug|Any CPU
		{B35B6D35-CD72-4445-B6EE-D435D68D6C21}.Release|Any CPU.ActiveCfg = Release|Any CPU
		{B35B6D35-CD72-4445-B6EE-D435D68D6C21}.Release|Any CPU.Build.0 = Release|Any CPU
	EndGlobalSection
	GlobalSection(SolutionProperties) = preSolution
		HideSolutionNode = FALSE
	EndGlobalSection
	GlobalSection(ExtensibilityGlobals) = postSolution
		SolutionGuid = {956B01BC-9900-48F7-B9EE-C3794DE56E13}
	EndGlobalSection
EndGlobal
